
Microsoft Visual Studio Solution File, Format Version 12.00
# Visual Studio Version 16
VisualStudioVersion = 16.0.30907.101
MinimumVisualStudioVersion = 10.0.40219.1
Project("{FAE04EC0-301F-11D3-BF4B-00C04F79EFBC}") = "AniPriWeb.Web", "AniPriWeb.Web.csproj", "{E3715B32-9C0C-48E3-9770-FA50F6EC17C9}"
EndProject
Global
	GlobalSection(SolutionConfigurationPlatforms) = preSolution
		Debug|Any CPU = Debug|Any CPU
		Release|Any CPU = Release|Any CPU
	EndGlobalSection
	GlobalSection(ProjectConfigurationPlatforms) = postSolution
		{E3715B32-9C0C-48E3-9770-FA50F6EC17C9}.Debug|Any CPU.ActiveCfg = Debug|Any CPU
		{E3715B32-9C0C-48E3-9770-FA50F6EC17C9}.Debug|Any CPU.Build.0 = Debug|Any CPU
		{E3715B32-9C0C-48E3-9770-FA50F6EC17C9}.Release|Any CPU.ActiveCfg = Release|Any CPU
		{E3715B32-9C0C-48E3-9770-FA50F6EC17C9}.Release|Any CPU.Build.0 = Release|Any CPU
	EndGlobalSection
	GlobalSection(SolutionProperties) = preSolution
		HideSolutionNode = FALSE
	EndGlobalSection
	GlobalSection(ExtensibilityGlobals) = postSolution
		SolutionGuid = {7DFE695F-6C61-4D7F-8DBE-F5A1CB9D15A5}
	EndGlobalSection
EndGlobal
